{
  "requires": true,
  "lockfileVersion": 1,
  "dependencies": {
    "react-timeago": {
      "version": "6.2.1",
      "resolved": "https://registry.npmjs.org/react-timeago/-/react-timeago-6.2.1.tgz",
      "integrity": "sha512-b9EObWO8wy4qwfOzj+g/RQZRrPvtMv1Pz12FCdAWKWCXbDGt0rZLyiyTGEr0Lh1O8w5xa48CtRpl3LI+CtGCyw=="
    }
  }
}
